
Microsoft Visual Studio Solution File, Format Version 12.00
# Visual Studio Version 16
VisualStudioVersion = 16.0.30011.22
MinimumVisualStudioVersion = 10.0.40219.1
Project("{FAE04EC0-301F-11D3-BF4B-00C04F79EFBC}") = "8 puzzle", "8 puzzle.csproj", "{FD52E406-9D24-4BB5-9CDF-455BF1E197F1}"
EndProject
Global
	GlobalSection(SolutionConfigurationPlatforms) = preSolution
		Debug|Any CPU = Debug|Any CPU
		Release|Any CPU = Release|Any CPU
	EndGlobalSection
	GlobalSection(ProjectConfigurationPlatforms) = postSolution
		{FD52E406-9D24-4BB5-9CDF-455BF1E197F1}.Debug|Any CPU.ActiveCfg = Debug|Any CPU
		{FD52E406-9D24-4BB5-9CDF-455BF1E197F1}.Debug|Any CPU.Build.0 = Debug|Any CPU
		{FD52E406-9D24-4BB5-9CDF-455BF1E197F1}.Release|Any CPU.ActiveCfg = Release|Any CPU
		{FD52E406-9D24-4BB5-9CDF-455BF1E197F1}.Release|Any CPU.Build.0 = Release|Any CPU
	EndGlobalSection
	GlobalSection(SolutionProperties) = preSolution
		HideSolutionNode = FALSE
	EndGlobalSection
	GlobalSection(ExtensibilityGlobals) = postSolution
		SolutionGuid = {DF2FC8C9-EBB6-4D6E-8466-FC2625EC27DC}
	EndGlobalSection
EndGlobal
